
Microsoft Visual Studio Solution File, Format Version 12.00
# Visual Studio Version 16
VisualStudioVersion = 16.0.33927.289
MinimumVisualStudioVersion = 10.0.40219.1
Project("{FAE04EC0-301F-11D3-BF4B-00C04F79EFBC}") = "HexBinHex", "HexBinHex\HexBinHex.csproj", "{3A891FC7-2A5A-4C87-8F03-DEB7A2AC718C}"
EndProject
Global
	GlobalSection(SolutionConfigurationPlatforms) = preSolution
		Debug|Any CPU = Debug|Any CPU
		Release|Any CPU = Release|Any CPU
	EndGlobalSection
	GlobalSection(ProjectConfigurationPlatforms) = postSolution
		{3A891FC7-2A5A-4C87-8F03-DEB7A2AC718C}.Debug|Any CPU.ActiveCfg = Debug|Any CPU
		{3A891FC7-2A5A-4C87-8F03-DEB7A2AC718C}.Debug|Any CPU.Build.0 = Debug|Any CPU
		{3A891FC7-2A5A-4C87-8F03-DEB7A2AC718C}.Release|Any CPU.ActiveCfg = Release|Any CPU
		{3A891FC7-2A5A-4C87-8F03-DEB7A2AC718C}.Release|Any CPU.Build.0 = Release|Any CPU
	EndGlobalSection
	GlobalSection(SolutionProperties) = preSolution
		HideSolutionNode = FALSE
	EndGlobalSection
	GlobalSection(ExtensibilityGlobals) = postSolution
		SolutionGuid = {B06CF6E5-63B9-49A3-8882-CE41D2BA5C42}
	EndGlobalSection
EndGlobal
